// !$*UTF8*$!
{
	archiveVersion = 1;
	classes = {
	};
	objectVersion = 46;
	objects = {

/* Begin PBXBuildFile section */
		633907611C36636B008F9F5A /* main.m in Sources */ = {isa = PBXBuildFile; fileRef = 633907601C36636B008F9F5A /* main.m */; };
		633907641C36636B008F9F5A /* AppDelegate.m in Sources */ = {isa = PBXBuildFile; fileRef = 633907631C36636B008F9F5A /* AppDelegate.m */; };
		633907671C36636B008F9F5A /* ViewController.m in Sources */ = {isa = PBXBuildFile; fileRef = 633907661C36636B008F9F5A /* ViewController.m */; };
		6339076A1C36636B008F9F5A /* Main.storyboard in Resources */ = {isa = PBXBuildFile; fileRef = 633907681C36636B008F9F5A /* Main.storyboard */; };
		6339076C1C36636B008F9F5A /* Assets.xcassets in Resources */ = {isa = PBXBuildFile; fileRef = 6339076B1C36636B008F9F5A /* Assets.xcassets */; };
		6339076F1C36636B008F9F5A /* LaunchScreen.storyboard in Resources */ = {isa = PBXBuildFile; fileRef = 6339076D1C36636B008F9F5A /* LaunchScreen.storyboard */; };
		6339077A1C36636B008F9F5A /* iphone1Tests.m in Sources */ = {isa = PBXBuildFile; fileRef = 633907791C36636B008F9F5A /* iphone1Tests.m */; };
		633907851C36636B008F9F5A /* iphone1UITests.m in Sources */ = {isa = PBXBuildFile; fileRef = 633907841C36636B008F9F5A /* iphone1UITests.m */; };
/* End PBXBuildFile section */

/* Begin PBXContainerItemProxy section */
		633907761C36636B008F9F5A /* PBXContainerItemProxy */ = {
			isa = PBXContainerItemProxy;
			containerPortal = 633907541C36636B008F9F5A /* Project object */;
			proxyType = 1;
			remoteGlobalIDString = 6339075B1C36636B008F9F5A;
			remoteInfo = iphone1;
		};
		633907811C36636B008F9F5A /* PBXContainerItemProxy */ = {
			isa = PBXContainerItemProxy;
			containerPortal = 633907541C36636B008F9F5A /* Project object */;
			proxyType = 1;
			remoteGlobalIDString = 6339075B1C36636B008F9F5A;
			remoteInfo = iphone1;
		};
/* End PBXContainerItemProxy section */

/* Begin PBXFileReference section */
		6339075C1C36636B008F9F5A /* iphone1.app */ = {isa = PBXFileReference; explicitFileType = wrapper.application; includeInIndex = 0; path = iphone1.app; sourceTree = BUILT_PRODUCTS_DIR; };
		633907601C36636B008F9F5A /* main.m */ = {isa = PBXFileReference; lastKnownFileType = sourcecode.c.objc; path = main.m; sourceTree = "<group>"; };
		633907621C36636B008F9F5A /* AppDelegate.h */ = {isa = PBXFileReference; lastKnownFileType = sourcecode.c.h; path = AppDelegate.h; sourceTree = "<group>"; };
		633907631C36636B008F9F5A /* AppDelegate.m */ = {isa = PBXFileReference; lastKnownFileType = sourcecode.c.objc; path = AppDelegate.m; sourceTree = "<group>"; };
		633907651C36636B008F9F5A /* ViewController.h */ = {isa = PBXFileReference; lastKnownFileType = sourcecode.c.h; path = ViewController.h; sourceTree = "<group>"; };
		633907661C36636B008F9F5A /* ViewController.m */ = {isa = PBXFileReference; lastKnownFileType = sourcecode.c.objc; path = ViewController.m; sourceTree = "<group>"; };
		633907691C36636B008F9F5A /* Base */ = {isa = PBXFileReference; lastKnownFileType = file.storyboard; name = Base; path = Base.lproj/Main.storyboard; sourceTree = "<group>"; };
		6339076B1C36636B008F9F5A /* Assets.xcassets */ = {isa = PBXFileReference; lastKnownFileType = folder.assetcatalog; path = Assets.xcassets; sourceTree = "<group>"; };
		6339076E1C36636B008F9F5A /* Base */ = {isa = PBXFileReference; lastKnownFileType = file.storyboard; name = Base; path = Base.lproj/LaunchScreen.storyboard; sourceTree = "<group>"; };
		633907701C36636B008F9F5A /* Info.plist */ = {isa = PBXFileReference; lastKnownFileType = text.plist.xml; path = Info.plist; sourceTree = "<group>"; };
		633907751C36636B008F9F5A /* iphone1Tests.xctest */ = {isa = PBXFileReference; explicitFileType = wrapper.cfbundle; includeInIndex = 0; path = iphone1Tests.xctest; sourceTree = BUILT_PRODUCTS_DIR; };
		633907791C36636B008F9F5A /* iphone1Tests.m */ = {isa = PBXFileReference; lastKnownFileType = sourcecode.c.objc; path = iphone1Tests.m; sourceTree = "<group>"; };
		6339077B1C36636B008F9F5A /* Info.plist */ = {isa = PBXFileReference; lastKnownFileType = text.plist.xml; path = Info.plist; sourceTree = "<group>"; };
		633907801C36636B008F9F5A /* iphone1UITests.xctest */ = {isa = PBXFileReference; explicitFileType = wrapper.cfbundle; includeInIndex = 0; path = iphone1UITests.xctest; sourceTree = BUILT_PRODUCTS_DIR; };
		633907841C36636B008F9F5A /* iphone1UITests.m */ = {isa = PBXFileReference; lastKnownFileType = sourcecode.c.objc; path = iphone1UITests.m; sourceTree = "<group>"; };
		633907861C36636B008F9F5A /* Info.plist */ = {isa = PBXFileReference; lastKnownFileType = text.plist.xml; path = Info.plist; sourceTree = "<group>"; };
/* End PBXFileReference section */

/* Begin PBXFrameworksBuildPhase section */
		633907591C36636B008F9F5A /* Frameworks */ = {
			isa = PBXFrameworksBuildPhase;
			buildActionMask = 2147483647;
			files = (
			);
			runOnlyForDeploymentPostprocessing = 0;
		};
		633907721C36636B008F9F5A /* Frameworks */ = {
			isa = PBXFrameworksBuildPhase;
			buildActionMask = 2147483647;
			files = (
			);
			runOnlyForDeploymentPostprocessing = 0;
		};
		6339077D1C36636B008F9F5A /* Frameworks */ = {
			isa = PBXFrameworksBuildPhase;
			buildActionMask = 2147483647;
			files = (
			);
			runOnlyForDeploymentPostprocessing = 0;
		};
/* End PBXFrameworksBuildPhase section */

/* Begin PBXGroup section */
		633907531C36636B008F9F5A = {
			isa = PBXGroup;
			children = (
				6339075E1C36636B008F9F5A /* iphone1 */,
				633907781C36636B008F9F5A /* iphone1Tests */,
				633907831C36636B008F9F5A /* iphone1UITests */,
				6339075D1C36636B008F9F5A /* Products */,
			);
			sourceTree = "<group>";
		};
		6339075D1C36636B008F9F5A /* Products */ = {
			isa = PBXGroup;
			children = (
				6339075C1C36636B008F9F5A /* iphone1.app */,
				633907751C36636B008F9F5A /* iphone1Tests.xctest */,
				633907801C36636B008F9F5A /* iphone1UITests.xctest */,
			);
			name = Products;
			sourceTree = "<group>";
		};
		6339075E1C36636B008F9F5A /* iphone1 */ = {
			isa = PBXGroup;
			children = (
				633907621C36636B008F9F5A /* AppDelegate.h */,
				633907631C36636B008F9F5A /* AppDelegate.m */,
				633907651C36636B008F9F5A /* ViewController.h */,
				633907661C36636B008F9F5A /* ViewController.m */,
				633907681C36636B008F9F5A /* Main.storyboard */,
				6339076B1C36636B008F9F5A /* Assets.xcassets */,
				6339076D1C36636B008F9F5A /* LaunchScreen.storyboard */,
				633907701C36636B008F9F5A /* Info.plist */,
				6339075F1C36636B008F9F5A /* Supporting Files */,
			);
			path = iphone1;
			sourceTree = "<group>";
		};
		6339075F1C36636B008F9F5A /* Supporting Files */ = {
			isa = PBXGroup;
			children = (
				633907601C36636B008F9F5A /* main.m */,
			);
			name = "Supporting Files";
			sourceTree = "<group>";
		};
		633907781C36636B008F9F5A /* iphone1Tests */ = {
			isa = PBXGroup;
			children = (
				633907791C36636B008F9F5A /* iphone1Tests.m */,
				6339077B1C36636B008F9F5A /* Info.plist */,
			);
			path = iphone1Tests;
			sourceTree = "<group>";
		};
		633907831C36636B008F9F5A /* iphone1UITests */ = {
			isa = PBXGroup;
			children = (
				633907841C36636B008F9F5A /* iphone1UITests.m */,
				633907861C36636B008F9F5A /* Info.plist */,
			);
			path = iphone1UITests;
			sourceTree = "<group>";
		};
/* End PBXGroup section */

/* Begin PBXNativeTarget section */
		6339075B1C36636B008F9F5A /* iphone1 */ = {
			isa = PBXNativeTarget;
			buildConfigurationList = 633907891C36636B008F9F5A /* Build configuration list for PBXNativeTarget "iphone1" */;
			buildPhases = (
				633907581C36636B008F9F5A /* Sources */,
				633907591C36636B008F9F5A /* Frameworks */,
				6339075A1C36636B008F9F5A /* Resources */,
			);
			buildRules = (
			);
			dependencies = (
			);
			name = iphone1;
			productName = iphone1;
			productReference = 6339075C1C36636B008F9F5A /* iphone1.app */;
			productType = "com.apple.product-type.application";
		};
		633907741C36636B008F9F5A /* iphone1Tests */ = {
			isa = PBXNativeTarget;
			buildConfigurationList = 6339078C1C36636B008F9F5A /* Build configuration list for PBXNativeTarget "iphone1Tests" */;
			buildPhases = (
				633907711C36636B008F9F5A /* Sources */,
				633907721C36636B008F9F5A /* Frameworks */,
				633907731C36636B008F9F5A /* Resources */,
			);
			buildRules = (
			);
			dependencies = (
				633907771C36636B008F9F5A /* PBXTargetDependency */,
			);
			name = iphone1Tests;
			productName = iphone1Tests;
			productReference = 633907751C36636B008F9F5A /* iphone1Tests.xctest */;
			productType = "com.apple.product-type.bundle.unit-test";
		};
		6339077F1C36636B008F9F5A /* iphone1UITests */ = {
			isa = PBXNativeTarget;
			buildConfigurationList = 6339078F1C36636B008F9F5A /* Build configuration list for PBXNativeTarget "iphone1UITests" */;
			buildPhases = (
				6339077C1C36636B008F9F5A /* Sources */,
				6339077D1C36636B008F9F5A /* Frameworks */,
				6339077E1C36636B008F9F5A /* Resources */,
			);
			buildRules = (
			);
			dependencies = (
				633907821C36636B008F9F5A /* PBXTargetDependency */,
			);
			name = iphone1UITests;
			productName = iphone1UITests;
			productReference = 633907801C36636B008F9F5A /* iphone1UITests.xctest */;
			productType = "com.apple.product-type.bundle.ui-testing";
		};
/* End PBXNativeTarget section */

/* Begin PBXProject section */
		633907541C36636B008F9F5A /* Project object */ = {
			isa = PBXProject;
			attributes = {
				LastUpgradeCheck = 0720;
				ORGANIZATIONNAME = "郝鹏";
				TargetAttributes = {
					6339075B1C36636B008F9F5A = {
						CreatedOnToolsVersion = 7.2;
					};
					633907741C36636B008F9F5A = {
						CreatedOnToolsVersion = 7.2;
						TestTargetID = 6339075B1C36636B008F9F5A;
					};
					6339077F1C36636B008F9F5A = {
						CreatedOnToolsVersion = 7.2;
						TestTargetID = 6339075B1C36636B008F9F5A;
					};
				};
			};
			buildConfigurationList = 633907571C36636B008F9F5A /* Build configuration list for PBXProject "iphone1" */;
			compatibilityVersion = "Xcode 3.2";
			developmentRegion = English;
			hasScannedForEncodings = 0;
			knownRegions = (
				en,
				Base,
			);
			mainGroup = 633907531C36636B008F9F5A;
			productRefGroup = 6339075D1C36636B008F9F5A /* Products */;
			projectDirPath = "";
			projectRoot = "";
			targets = (
				6339075B1C36636B008F9F5A /* iphone1 */,
				633907741C36636B008F9F5A /* iphone1Tests */,
				6339077F1C36636B008F9F5A /* iphone1UITests */,
			);
		};
/* End PBXProject section */

/* Begin PBXResourcesBuildPhase section */
		6339075A1C36636B008F9F5A /* Resources */ = {
			isa = PBXResourcesBuildPhase;
			buildActionMask = 2147483647;
			files = (
				6339076F1C36636B008F9F5A /* LaunchScreen.storyboard in Resources */,
				6339076C1C36636B008F9F5A /* Assets.xcassets in Resources */,
				6339076A1C36636B008F9F5A /* Main.storyboard in Resources */,
			);
			runOnlyForDeploymentPostprocessing = 0;
		};
		633907731C36636B008F9F5A /* Resources */ = {
			isa = PBXResourcesBuildPhase;
			buildActionMask = 2147483647;
			files = (
			);
			runOnlyForDeploymentPostprocessing = 0;
		};
		6339077E1C36636B008F9F5A /* Resources */ = {
			isa = PBXResourcesBuildPhase;
			buildActionMask = 2147483647;
			files = (
			);
			runOnlyForDeploymentPostprocessing = 0;
		};
/* End PBXResourcesBuildPhase section */

/* Begin PBXSourcesBuildPhase section */
		633907581C36636B008F9F5A /* Sources */ = {
			isa = PBXSourcesBuildPhase;
			buildActionMask = 2147483647;
			files = (
				633907671C36636B008F9F5A /* ViewController.m in Sources */,
				633907641C36636B008F9F5A /* AppDelegate.m in Sources */,
				633907611C36636B008F9F5A /* main.m in Sources */,
			);
			runOnlyForDeploymentPostprocessing = 0;
		};
		633907711C36636B008F9F5A /* Sources */ = {
			isa = PBXSourcesBuildPhase;
			buildActionMask = 2147483647;
			files = (
				6339077A1C36636B008F9F5A /* iphone1Tests.m in Sources */,
			);
			runOnlyForDeploymentPostprocessing = 0;
		};
		6339077C1C36636B008F9F5A /* Sources */ = {
			isa = PBXSourcesBuildPhase;
			buildActionMask = 2147483647;
			files = (
				633907851C36636B008F9F5A /* iphone1UITests.m in Sources */,
			);
			runOnlyForDeploymentPostprocessing = 0;
		};
/* End PBXSourcesBuildPhase section */

/* Begin PBXTargetDependency section */
		633907771C36636B008F9F5A /* PBXTargetDependency */ = {
			isa = PBXTargetDependency;
			target = 6339075B1C36636B008F9F5A /* iphone1 */;
			targetProxy = 633907761C36636B008F9F5A /* PBXContainerItemProxy */;
		};
		633907821C36636B008F9F5A /* PBXTargetDependency */ = {
			isa = PBXTargetDependency;
			target = 6339075B1C36636B008F9F5A /* iphone1 */;
			targetProxy = 633907811C36636B008F9F5A /* PBXContainerItemProxy */;
		};
/* End PBXTargetDependency section */

/* Begin PBXVariantGroup section */
		633907681C36636B008F9F5A /* Main.storyboard */ = {
			isa = PBXVariantGroup;
			children = (
				633907691C36636B008F9F5A /* Base */,
			);
			name = Main.storyboard;
			sourceTree = "<group>";
		};
		6339076D1C36636B008F9F5A /* LaunchScreen.storyboard */ = {
			isa = PBXVariantGroup;
			children = (
				6339076E1C36636B008F9F5A /* Base */,
			);
			name = LaunchScreen.storyboard;
			sourceTree = "<group>";
		};
/* End PBXVariantGroup section */

/* Begin XCBuildConfiguration section */
		633907871C36636B008F9F5A /* Debug */ = {
			isa = XCBuildConfiguration;
			buildSettings = {
				ALWAYS_SEARCH_USER_PATHS = NO;
				CLANG_CXX_LANGUAGE_STANDARD = "gnu++0x";
				CLANG_CXX_LIBRARY = "libc++";
				CLANG_ENABLE_MODULES = YES;
				CLANG_ENABLE_OBJC_ARC = YES;
				CLANG_WARN_BOOL_CONVERSION = YES;
				CLANG_WARN_CONSTANT_CONVERSION = YES;
				CLANG_WARN_DIRECT_OBJC_ISA_USAGE = YES_ERROR;
				CLANG_WARN_EMPTY_BODY = YES;
				CLANG_WARN_ENUM_CONVERSION = YES;
				CLANG_WARN_INT_CONVERSION = YES;
				CLANG_WARN_OBJC_ROOT_CLASS = YES_ERROR;
				CLANG_WARN_UNREACHABLE_CODE = YES;
				CLANG_WARN__DUPLICATE_METHOD_MATCH = YES;
				"CODE_SIGN_IDENTITY[sdk=iphoneos*]" = "iPhone Developer";
				COPY_PHASE_STRIP = NO;
				DEBUG_INFORMATION_FORMAT = dwarf;
				ENABLE_STRICT_OBJC_MSGSEND = YES;
				ENABLE_TESTABILITY = YES;
				GCC_C_LANGUAGE_STANDARD = gnu99;
				GCC_DYNAMIC_NO_PIC = NO;
				GCC_NO_COMMON_BLOCKS = YES;
				GCC_OPTIMIZATION_LEVEL = 0;
				GCC_PREPROCESSOR_DEFINITIONS = (
					"DEBUG=1",
					"$(inherited)",
				);
				GCC_WARN_64_TO_32_BIT_CONVERSION = YES;
				GCC_WARN_ABOUT_RETURN_TYPE = YES_ERROR;
				GCC_WARN_UNDECLARED_SELECTOR = YES;
				GCC_WARN_UNINITIALIZED_AUTOS = YES_AGGRESSIVE;
				GCC_WARN_UNUSED_FUNCTION = YES;
				GCC_WARN_UNUSED_VARIABLE = YES;
				IPHONEOS_DEPLOYMENT_TARGET = 9.2;
				MTL_ENABLE_DEBUG_INFO = YES;
				ONLY_ACTIVE_ARCH = YES;
				SDKROOT = iphoneos;
				TARGETED_DEVICE_FAMILY = "1,2";
			};
			name = Debug;
		};
		633907881C36636B008F9F5A /* Release */ = {
			isa = XCBuildConfiguration;
			buildSettings = {
				ALWAYS_SEARCH_USER_PATHS = NO;
				CLANG_CXX_LANGUAGE_STANDARD = "gnu++0x";
				CLANG_CXX_LIBRARY = "libc++";
				CLANG_ENABLE_MODULES = YES;
				CLANG_ENABLE_OBJC_ARC = YES;
				CLANG_WARN_BOOL_CONVERSION = YES;
				CLANG_WARN_CONSTANT_CONVERSION = YES;
				CLANG_WARN_DIRECT_OBJC_ISA_USAGE = YES_ERROR;
				CLANG_WARN_EMPTY_BODY = YES;
				CLANG_WARN_ENUM_CONVERSION = YES;
				CLANG_WARN_INT_CONVERSION = YES;
				CLANG_WARN_OBJC_ROOT_CLASS = YES_ERROR;
				CLANG_WARN_UNREACHABLE_CODE = YES;
				CLANG_WARN__DUPLICATE_METHOD_MATCH = YES;
				"CODE_SIGN_IDENTITY[sdk=iphoneos*]" = "iPhone Developer";
				COPY_PHASE_STRIP = NO;
				DEBUG_INFORMATION_FORMAT = "dwarf-with-dsym";
				ENABLE_NS_ASSERTIONS = NO;
				ENABLE_STRICT_OBJC_MSGSEND = YES;
				GCC_C_LANGUAGE_STANDARD = gnu99;
				GCC_NO_COMMON_BLOCKS = YES;
				GCC_WARN_64_TO_32_BIT_CONVERSION = YES;
				GCC_WARN_ABOUT_RETURN_TYPE = YES_ERROR;
				GCC_WARN_UNDECLARED_SELECTOR = YES;
				GCC_WARN_UNINITIALIZED_AUTOS = YES_AGGRESSIVE;
				GCC_WARN_UNUSED_FUNCTION = YES;
				GCC_WARN_UNUSED_VARIABLE = YES;
				IPHONEOS_DEPLOYMENT_TARGET = 9.2;
				MTL_ENABLE_DEBUG_INFO = NO;
				SDKROOT = iphoneos;
				TARGETED_DEVICE_FAMILY = "1,2";
				VALIDATE_PRODUCT = YES;
			};
			name = Release;
		};
		6339078A1C36636B008F9F5A /* Debug */ = {
			isa = XCBuildConfiguration;
			buildSettings = {
				ASSETCATALOG_COMPILER_APPICON_NAME = AppIcon;
				INFOPLIST_FILE = iphone1/Info.plist;
				LD_RUNPATH_SEARCH_PATHS = "$(inherited) @executable_path/Frameworks";
				PRODUCT_BUNDLE_IDENTIFIER = HP.iphone1;
				PRODUCT_NAME = "$(TARGET_NAME)";
			};
			name = Debug;
		};
		6339078B1C36636B008F9F5A /* Release */ = {
			isa = XCBuildConfiguration;
			buildSettings = {
				ASSETCATALOG_COMPILER_APPICON_NAME = AppIcon;
				INFOPLIST_FILE = iphone1/Info.plist;
				LD_RUNPATH_SEARCH_PATHS = "$(inherited) @executable_path/Frameworks";
				PRODUCT_BUNDLE_IDENTIFIER = HP.iphone1;
				PRODUCT_NAME = "$(TARGET_NAME)";
			};
			name = Release;
		};
		6339078D1C36636B008F9F5A /* Debug */ = {
			isa = XCBuildConfiguration;
			buildSettings = {
				BUNDLE_LOADER = "$(TEST_HOST)";
				INFOPLIST_FILE = iphone1Tests/Info.plist;
				LD_RUNPATH_SEARCH_PATHS = "$(inherited) @executable_path/Frameworks @loader_path/Frameworks";
				PRODUCT_BUNDLE_IDENTIFIER = HP.iphone1Tests;
				PRODUCT_NAME = "$(TARGET_NAME)";
				TEST_HOST = "$(BUILT_PRODUCTS_DIR)/iphone1.app/iphone1";
			};
			name = Debug;
		};
		6339078E1C36636B008F9F5A /* Release */ = {
			isa = XCBuildConfiguration;
			buildSettings = {
				BUNDLE_LOADER = "$(TEST_HOST)";
				INFOPLIST_FILE = iphone1Tests/Info.plist;
				LD_RUNPATH_SEARCH_PATHS = "$(inherited) @executable_path/Frameworks @loader_path/Frameworks";
				PRODUCT_BUNDLE_IDENTIFIER = HP.iphone1Tests;
				PRODUCT_NAME = "$(TARGET_NAME)";
				TEST_HOST = "$(BUILT_PRODUCTS_DIR)/iphone1.app/iphone1";
			};
			name = Release;
		};
		633907901C36636B008F9F5A /* Debug */ = {
			isa = XCBuildConfiguration;
			buildSettings = {
				INFOPLIST_FILE = iphone1UITests/Info.plist;
				LD_RUNPATH_SEARCH_PATHS = "$(inherited) @executable_path/Frameworks @loader_path/Frameworks";
				PRODUCT_BUNDLE_IDENTIFIER = HP.iphone1UITests;
				PRODUCT_NAME = "$(TARGET_NAME)";
				TEST_TARGET_NAME = iphone1;
				USES_XCTRUNNER = YES;
			};
			name = Debug;
		};
		633907911C36636B008F9F5A /* Release */ = {
			isa = XCBuildConfiguration;
			buildSettings = {
				INFOPLIST_FILE = iphone1UITests/Info.plist;
				LD_RUNPATH_SEARCH_PATHS = "$(inherited) @executable_path/Frameworks @loader_path/Frameworks";
				PRODUCT_BUNDLE_IDENTIFIER = HP.iphone1UITests;
				PRODUCT_NAME = "$(TARGET_NAME)";
				TEST_TARGET_NAME = iphone1;
				USES_XCTRUNNER = YES;
			};
			name = Release;
		};
/* End XCBuildConfiguration section */

/* Begin XCConfigurationList section */
		633907571C36636B008F9F5A /* Build configuration list for PBXProject "iphone1" */ = {
			isa = XCConfigurationList;
			buildConfigurations = (
				633907871C36636B008F9F5A /* Debug */,
				633907881C36636B008F9F5A /* Release */,
			);
			defaultConfigurationIsVisible = 0;
			defaultConfigurationName = Release;
		};
		633907891C36636B008F9F5A /* Build configuration list for PBXNativeTarget "iphone1" */ = {
			isa = XCConfigurationList;
			buildConfigurations = (
				6339078A1C36636B008F9F5A /* Debug */,
				6339078B1C36636B008F9F5A /* Release */,
			);
			defaultConfigurationIsVisible = 0;
		};
		6339078C1C36636B008F9F5A /* Build configuration list for PBXNativeTarget "iphone1Tests" */ = {
			isa = XCConfigurationList;
			buildConfigurations = (
				6339078D1C36636B008F9F5A /* Debug */,
				6339078E1C36636B008F9F5A /* Release */,
			);
			defaultConfigurationIsVisible = 0;
		};
		6339078F1C36636B008F9F5A /* Build configuration list for PBXNativeTarget "iphone1UITests" */ = {
			isa = XCConfigurationList;
			buildConfigurations = (
				633907901C36636B008F9F5A /* Debug */,
				633907911C36636B008F9F5A /* Release */,
			);
			defaultConfigurationIsVisible = 0;
		};
/* End XCConfigurationList section */
	};
	rootObject = 633907541C36636B008F9F5A /* Project object */;
}
